
Microsoft Visual Studio Solution File, Format Version 12.00
# Visual Studio Version 16
VisualStudioVersion = 16.0.31624.102
MinimumVisualStudioVersion = 10.0.40219.1
Project("{9A19103F-16F7-4668-BE54-9A1E7A4F7556}") = "EchDLC", "EchDLC.csproj", "{801A5718-9EDA-497D-9004-F21F1D2916CB}"
EndProject
Global
	GlobalSection(SolutionConfigurationPlatforms) = preSolution
		Debug|Any CPU = Debug|Any CPU
		Release|Any CPU = Release|Any CPU
	EndGlobalSection
	GlobalSection(ProjectConfigurationPlatforms) = postSolution
		{801A5718-9EDA-497D-9004-F21F1D2916CB}.Debug|Any CPU.ActiveCfg = Debug|Any CPU
		{801A5718-9EDA-497D-9004-F21F1D2916CB}.Debug|Any CPU.Build.0 = Debug|Any CPU
		{801A5718-9EDA-497D-9004-F21F1D2916CB}.Release|Any CPU.ActiveCfg = Release|Any CPU
		{801A5718-9EDA-497D-9004-F21F1D2916CB}.Release|Any CPU.Build.0 = Release|Any CPU
	EndGlobalSection
	GlobalSection(SolutionProperties) = preSolution
		HideSolutionNode = FALSE
	EndGlobalSection
	GlobalSection(ExtensibilityGlobals) = postSolution
		SolutionGuid = {4CF2BBF4-5111-41A0-94B6-C3EF3BB073E3}
	EndGlobalSection
EndGlobal
